// !$*UTF8*$!
{
	archiveVersion = 1;
	classes = {
	};
	objectVersion = 46;
	objects = {

/* Begin PBXBuildFile section */
		FD4F5A871807C4720032D7F3 /* menu1.json in Resources */ = {isa = PBXBuildFile; fileRef = FD4F5A861807C4720032D7F3 /* menu1.json */; };
		FD4F5A891807C4870032D7F3 /* menu2.json in Resources */ = {isa = PBXBuildFile; fileRef = FD4F5A881807C4870032D7F3 /* menu2.json */; };
		FD4F5A8C1807CADE0032D7F3 /* TIImageBGMenuController.m in Sources */ = {isa = PBXBuildFile; fileRef = FD4F5A8B1807CADE0032D7F3 /* TIImageBGMenuController.m */; };
		FD4F5A8E1807CD840032D7F3 /* Images.xcassets in Resources */ = {isa = PBXBuildFile; fileRef = FD4F5A8D1807CD840032D7F3 /* Images.xcassets */; };
		FD4F5A911807CF800032D7F3 /* TISimpleMenuController.m in Sources */ = {isa = PBXBuildFile; fileRef = FD4F5A901807CF800032D7F3 /* TISimpleMenuController.m */; };
		FD6201F018039FBC007C4C90 /* Foundation.framework in Frameworks */ = {isa = PBXBuildFile; fileRef = FD6201EF18039FBC007C4C90 /* Foundation.framework */; };
		FD6201F218039FBC007C4C90 /* CoreGraphics.framework in Frameworks */ = {isa = PBXBuildFile; fileRef = FD6201F118039FBC007C4C90 /* CoreGraphics.framework */; };
		FD6201F418039FBC007C4C90 /* UIKit.framework in Frameworks */ = {isa = PBXBuildFile; fileRef = FD6201F318039FBC007C4C90 /* UIKit.framework */; };
		FD6201FA18039FBC007C4C90 /* InfoPlist.strings in Resources */ = {isa = PBXBuildFile; fileRef = FD6201F818039FBC007C4C90 /* InfoPlist.strings */; };
		FD6201FC18039FBC007C4C90 /* main.m in Sources */ = {isa = PBXBuildFile; fileRef = FD6201FB18039FBC007C4C90 /* main.m */; };
		FD62020018039FBC007C4C90 /* TIAppDelegate.m in Sources */ = {isa = PBXBuildFile; fileRef = FD6201FF18039FBC007C4C90 /* TIAppDelegate.m */; };
		FD62020918039FBC007C4C90 /* XCTest.framework in Frameworks */ = {isa = PBXBuildFile; fileRef = FD62020818039FBC007C4C90 /* XCTest.framework */; };
		FD62020A18039FBC007C4C90 /* Foundation.framework in Frameworks */ = {isa = PBXBuildFile; fileRef = FD6201EF18039FBC007C4C90 /* Foundation.framework */; };
		FD62020B18039FBC007C4C90 /* UIKit.framework in Frameworks */ = {isa = PBXBuildFile; fileRef = FD6201F318039FBC007C4C90 /* UIKit.framework */; };
		FD62021318039FBC007C4C90 /* InfoPlist.strings in Resources */ = {isa = PBXBuildFile; fileRef = FD62021118039FBC007C4C90 /* InfoPlist.strings */; };
		FD62021518039FBC007C4C90 /* TINavigationMenuViewTests.m in Sources */ = {isa = PBXBuildFile; fileRef = FD62021418039FBC007C4C90 /* TINavigationMenuViewTests.m */; };
		FD6202281803B59C007C4C90 /* TIMenuCell.m in Sources */ = {isa = PBXBuildFile; fileRef = FD6202231803B59C007C4C90 /* TIMenuCell.m */; };
		FD6202291803B59C007C4C90 /* TIMenuTableView.m in Sources */ = {isa = PBXBuildFile; fileRef = FD6202261803B59C007C4C90 /* TIMenuTableView.m */; };
		FD6202301803BA22007C4C90 /* TIIconMenuController.m in Sources */ = {isa = PBXBuildFile; fileRef = FD62022F1803BA22007C4C90 /* TIIconMenuController.m */; };
		FD6202321803BCC9007C4C90 /* menu3.json in Resources */ = {isa = PBXBuildFile; fileRef = FD6202311803BCC9007C4C90 /* menu3.json */; };
/* End PBXBuildFile section */

/* Begin PBXContainerItemProxy section */
		FD62020C18039FBC007C4C90 /* PBXContainerItemProxy */ = {
			isa = PBXContainerItemProxy;
			containerPortal = FD6201E418039FBC007C4C90 /* Project object */;
			proxyType = 1;
			remoteGlobalIDString = FD6201EB18039FBC007C4C90;
			remoteInfo = TINavigationMenuView;
		};
/* End PBXContainerItemProxy section */

/* Begin PBXFileReference section */
		FD4F5A861807C4720032D7F3 /* menu1.json */ = {isa = PBXFileReference; fileEncoding = 4; lastKnownFileType = text.json; path = menu1.json; sourceTree = "<group>"; };
		FD4F5A881807C4870032D7F3 /* menu2.json */ = {isa = PBXFileReference; fileEncoding = 4; lastKnownFileType = text.json; path = menu2.json; sourceTree = "<group>"; };
		FD4F5A8A1807CADE0032D7F3 /* TIImageBGMenuController.h */ = {isa = PBXFileReference; fileEncoding = 4; lastKnownFileType = sourcecode.c.h; path = TIImageBGMenuController.h; sourceTree = "<group>"; };
		FD4F5A8B1807CADE0032D7F3 /* TIImageBGMenuController.m */ = {isa = PBXFileReference; fileEncoding = 4; lastKnownFileType = sourcecode.c.objc; path = TIImageBGMenuController.m; sourceTree = "<group>"; };
		FD4F5A8D1807CD840032D7F3 /* Images.xcassets */ = {isa = PBXFileReference; lastKnownFileType = folder.assetcatalog; path = Images.xcassets; sourceTree = "<group>"; };
		FD4F5A8F1807CF800032D7F3 /* TISimpleMenuController.h */ = {isa = PBXFileReference; fileEncoding = 4; lastKnownFileType = sourcecode.c.h; path = TISimpleMenuController.h; sourceTree = "<group>"; };
		FD4F5A901807CF800032D7F3 /* TISimpleMenuController.m */ = {isa = PBXFileReference; fileEncoding = 4; lastKnownFileType = sourcecode.c.objc; path = TISimpleMenuController.m; sourceTree = "<group>"; };
		FD6201EC18039FBC007C4C90 /* TINavigationMenuView.app */ = {isa = PBXFileReference; explicitFileType = wrapper.application; includeInIndex = 0; path = TINavigationMenuView.app; sourceTree = BUILT_PRODUCTS_DIR; };
		FD6201EF18039FBC007C4C90 /* Foundation.framework */ = {isa = PBXFileReference; lastKnownFileType = wrapper.framework; name = Foundation.framework; path = System/Library/Frameworks/Foundation.framework; sourceTree = SDKROOT; };
		FD6201F118039FBC007C4C90 /* CoreGraphics.framework */ = {isa = PBXFileReference; lastKnownFileType = wrapper.framework; name = CoreGraphics.framework; path = System/Library/Frameworks/CoreGraphics.framework; sourceTree = SDKROOT; };
		FD6201F318039FBC007C4C90 /* UIKit.framework */ = {isa = PBXFileReference; lastKnownFileType = wrapper.framework; name = UIKit.framework; path = System/Library/Frameworks/UIKit.framework; sourceTree = SDKROOT; };
		FD6201F718039FBC007C4C90 /* TINavigationMenuView-Info.plist */ = {isa = PBXFileReference; lastKnownFileType = text.plist.xml; path = "TINavigationMenuView-Info.plist"; sourceTree = "<group>"; };
		FD6201F918039FBC007C4C90 /* en */ = {isa = PBXFileReference; lastKnownFileType = text.plist.strings; name = en; path = en.lproj/InfoPlist.strings; sourceTree = "<group>"; };
		FD6201FB18039FBC007C4C90 /* main.m */ = {isa = PBXFileReference; lastKnownFileType = sourcecode.c.objc; path = main.m; sourceTree = "<group>"; };
		FD6201FD18039FBC007C4C90 /* TINavigationMenuView-Prefix.pch */ = {isa = PBXFileReference; lastKnownFileType = sourcecode.c.h; path = "TINavigationMenuView-Prefix.pch"; sourceTree = "<group>"; };
		FD6201FE18039FBC007C4C90 /* TIAppDelegate.h */ = {isa = PBXFileReference; lastKnownFileType = sourcecode.c.h; path = TIAppDelegate.h; sourceTree = "<group>"; };
		FD6201FF18039FBC007C4C90 /* TIAppDelegate.m */ = {isa = PBXFileReference; lastKnownFileType = sourcecode.c.objc; path = TIAppDelegate.m; sourceTree = "<group>"; };
		FD62020718039FBC007C4C90 /* TINavigationMenuViewTests.xctest */ = {isa = PBXFileReference; explicitFileType = wrapper.cfbundle; includeInIndex = 0; path = TINavigationMenuViewTests.xctest; sourceTree = BUILT_PRODUCTS_DIR; };
		FD62020818039FBC007C4C90 /* XCTest.framework */ = {isa = PBXFileReference; lastKnownFileType = wrapper.framework; name = XCTest.framework; path = Library/Frameworks/XCTest.framework; sourceTree = DEVELOPER_DIR; };
		FD62021018039FBC007C4C90 /* TINavigationMenuViewTests-Info.plist */ = {isa = PBXFileReference; lastKnownFileType = text.plist.xml; path = "TINavigationMenuViewTests-Info.plist"; sourceTree = "<group>"; };
		FD62021218039FBC007C4C90 /* en */ = {isa = PBXFileReference; lastKnownFileType = text.plist.strings; name = en; path = en.lproj/InfoPlist.strings; sourceTree = "<group>"; };
		FD62021418039FBC007C4C90 /* TINavigationMenuViewTests.m */ = {isa = PBXFileReference; lastKnownFileType = sourcecode.c.objc; path = TINavigationMenuViewTests.m; sourceTree = "<group>"; };
		FD6202221803B59C007C4C90 /* TIMenuCell.h */ = {isa = PBXFileReference; fileEncoding = 4; lastKnownFileType = sourcecode.c.h; path = TIMenuCell.h; sourceTree = "<group>"; };
		FD6202231803B59C007C4C90 /* TIMenuCell.m */ = {isa = PBXFileReference; fileEncoding = 4; lastKnownFileType = sourcecode.c.objc; path = TIMenuCell.m; sourceTree = "<group>"; };
		FD6202241803B59C007C4C90 /* TIMenuDelegate.h */ = {isa = PBXFileReference; fileEncoding = 4; lastKnownFileType = sourcecode.c.h; path = TIMenuDelegate.h; sourceTree = "<group>"; };
		FD6202251803B59C007C4C90 /* TIMenuTableView.h */ = {isa = PBXFileReference; fileEncoding = 4; lastKnownFileType = sourcecode.c.h; path = TIMenuTableView.h; sourceTree = "<group>"; };
		FD6202261803B59C007C4C90 /* TIMenuTableView.m */ = {isa = PBXFileReference; fileEncoding = 4; lastKnownFileType = sourcecode.c.objc; path = TIMenuTableView.m; sourceTree = "<group>"; };
		FD62022E1803BA22007C4C90 /* TIIconMenuController.h */ = {isa = PBXFileReference; fileEncoding = 4; lastKnownFileType = sourcecode.c.h; path = TIIconMenuController.h; sourceTree = "<group>"; };
		FD62022F1803BA22007C4C90 /* TIIconMenuController.m */ = {isa = PBXFileReference; fileEncoding = 4; lastKnownFileType = sourcecode.c.objc; path = TIIconMenuController.m; sourceTree = "<group>"; };
		FD6202311803BCC9007C4C90 /* menu3.json */ = {isa = PBXFileReference; fileEncoding = 4; lastKnownFileType = text.json; path = menu3.json; sourceTree = "<group>"; };
		FDFBE1461806AE460020FA49 /* UIColorHexString.h */ = {isa = PBXFileReference; lastKnownFileType = sourcecode.c.h; path = UIColorHexString.h; sourceTree = "<group>"; };
/* End PBXFileReference section */

/* Begin PBXFrameworksBuildPhase section */
		FD6201E918039FBC007C4C90 /* Frameworks */ = {
			isa = PBXFrameworksBuildPhase;
			buildActionMask = 2147483647;
			files = (
				FD6201F218039FBC007C4C90 /* CoreGraphics.framework in Frameworks */,
				FD6201F418039FBC007C4C90 /* UIKit.framework in Frameworks */,
				FD6201F018039FBC007C4C90 /* Foundation.framework in Frameworks */,
			);
			runOnlyForDeploymentPostprocessing = 0;
		};
		FD62020418039FBC007C4C90 /* Frameworks */ = {
			isa = PBXFrameworksBuildPhase;
			buildActionMask = 2147483647;
			files = (
				FD62020918039FBC007C4C90 /* XCTest.framework in Frameworks */,
				FD62020B18039FBC007C4C90 /* UIKit.framework in Frameworks */,
				FD62020A18039FBC007C4C90 /* Foundation.framework in Frameworks */,
			);
			runOnlyForDeploymentPostprocessing = 0;
		};
/* End PBXFrameworksBuildPhase section */

/* Begin PBXGroup section */
		FD4F5A821807C36E0032D7F3 /* Demo */ = {
			isa = PBXGroup;
			children = (
				FD4F5A831807C39E0032D7F3 /* Simple Menu */,
				FD4F5A841807C3A70032D7F3 /* Menu with background image */,
				FD4F5A851807C3C20032D7F3 /* Menu with image icon */,
				FD6201FE18039FBC007C4C90 /* TIAppDelegate.h */,
				FD6201FF18039FBC007C4C90 /* TIAppDelegate.m */,
				FDFBE1461806AE460020FA49 /* UIColorHexString.h */,
			);
			name = Demo;
			sourceTree = "<group>";
		};
		FD4F5A831807C39E0032D7F3 /* Simple Menu */ = {
			isa = PBXGroup;
			children = (
				FD4F5A8F1807CF800032D7F3 /* TISimpleMenuController.h */,
				FD4F5A901807CF800032D7F3 /* TISimpleMenuController.m */,
				FD4F5A861807C4720032D7F3 /* menu1.json */,
			);
			name = "Simple Menu";
			sourceTree = "<group>";
		};
		FD4F5A841807C3A70032D7F3 /* Menu with background image */ = {
			isa = PBXGroup;
			children = (
				FD4F5A8A1807CADE0032D7F3 /* TIImageBGMenuController.h */,
				FD4F5A8B1807CADE0032D7F3 /* TIImageBGMenuController.m */,
				FD4F5A881807C4870032D7F3 /* menu2.json */,
			);
			name = "Menu with background image";
			sourceTree = "<group>";
		};
		FD4F5A851807C3C20032D7F3 /* Menu with image icon */ = {
			isa = PBXGroup;
			children = (
				FD62022E1803BA22007C4C90 /* TIIconMenuController.h */,
				FD62022F1803BA22007C4C90 /* TIIconMenuController.m */,
				FD6202311803BCC9007C4C90 /* menu3.json */,
			);
			name = "Menu with image icon";
			sourceTree = "<group>";
		};
		FD6201E318039FBC007C4C90 = {
			isa = PBXGroup;
			children = (
				FD6201F518039FBC007C4C90 /* TINavigationMenuView */,
				FD62020E18039FBC007C4C90 /* TINavigationMenuViewTests */,
				FD6201EE18039FBC007C4C90 /* Frameworks */,
				FD6201ED18039FBC007C4C90 /* Products */,
			);
			sourceTree = "<group>";
		};
		FD6201ED18039FBC007C4C90 /* Products */ = {
			isa = PBXGroup;
			children = (
				FD6201EC18039FBC007C4C90 /* TINavigationMenuView.app */,
				FD62020718039FBC007C4C90 /* TINavigationMenuViewTests.xctest */,
			);
			name = Products;
			sourceTree = "<group>";
		};
		FD6201EE18039FBC007C4C90 /* Frameworks */ = {
			isa = PBXGroup;
			children = (
				FD6201EF18039FBC007C4C90 /* Foundation.framework */,
				FD6201F118039FBC007C4C90 /* CoreGraphics.framework */,
				FD6201F318039FBC007C4C90 /* UIKit.framework */,
				FD62020818039FBC007C4C90 /* XCTest.framework */,
			);
			name = Frameworks;
			sourceTree = "<group>";
		};
		FD6201F518039FBC007C4C90 /* TINavigationMenuView */ = {
			isa = PBXGroup;
			children = (
				FD6201F618039FBC007C4C90 /* Supporting Files */,
				FD62021E1803B065007C4C90 /* Classes */,
				FD4F5A821807C36E0032D7F3 /* Demo */,
			);
			path = TINavigationMenuView;
			sourceTree = "<group>";
		};
		FD6201F618039FBC007C4C90 /* Supporting Files */ = {
			isa = PBXGroup;
			children = (
				FD4F5A8D1807CD840032D7F3 /* Images.xcassets */,
				FD6201F718039FBC007C4C90 /* TINavigationMenuView-Info.plist */,
				FD6201F818039FBC007C4C90 /* InfoPlist.strings */,
				FD6201FB18039FBC007C4C90 /* main.m */,
				FD6201FD18039FBC007C4C90 /* TINavigationMenuView-Prefix.pch */,
			);
			name = "Supporting Files";
			sourceTree = "<group>";
		};
		FD62020E18039FBC007C4C90 /* TINavigationMenuViewTests */ = {
			isa = PBXGroup;
			children = (
				FD62021418039FBC007C4C90 /* TINavigationMenuViewTests.m */,
				FD62020F18039FBC007C4C90 /* Supporting Files */,
			);
			path = TINavigationMenuViewTests;
			sourceTree = "<group>";
		};
		FD62020F18039FBC007C4C90 /* Supporting Files */ = {
			isa = PBXGroup;
			children = (
				FD62021018039FBC007C4C90 /* TINavigationMenuViewTests-Info.plist */,
				FD62021118039FBC007C4C90 /* InfoPlist.strings */,
			);
			name = "Supporting Files";
			sourceTree = "<group>";
		};
		FD62021E1803B065007C4C90 /* Classes */ = {
			isa = PBXGroup;
			children = (
				FD6202221803B59C007C4C90 /* TIMenuCell.h */,
				FD6202231803B59C007C4C90 /* TIMenuCell.m */,
				FD6202241803B59C007C4C90 /* TIMenuDelegate.h */,
				FD6202251803B59C007C4C90 /* TIMenuTableView.h */,
				FD6202261803B59C007C4C90 /* TIMenuTableView.m */,
			);
			name = Classes;
			sourceTree = "<group>";
		};
/* End PBXGroup section */

/* Begin PBXNativeTarget section */
		FD6201EB18039FBC007C4C90 /* TINavigationMenuView */ = {
			isa = PBXNativeTarget;
			buildConfigurationList = FD62021818039FBC007C4C90 /* Build configuration list for PBXNativeTarget "TINavigationMenuView" */;
			buildPhases = (
				FD6201E818039FBC007C4C90 /* Sources */,
				FD6201E918039FBC007C4C90 /* Frameworks */,
				FD6201EA18039FBC007C4C90 /* Resources */,
			);
			buildRules = (
			);
			dependencies = (
			);
			name = TINavigationMenuView;
			productName = TINavigationMenuView;
			productReference = FD6201EC18039FBC007C4C90 /* TINavigationMenuView.app */;
			productType = "com.apple.product-type.application";
		};
		FD62020618039FBC007C4C90 /* TINavigationMenuViewTests */ = {
			isa = PBXNativeTarget;
			buildConfigurationList = FD62021B18039FBC007C4C90 /* Build configuration list for PBXNativeTarget "TINavigationMenuViewTests" */;
			buildPhases = (
				FD62020318039FBC007C4C90 /* Sources */,
				FD62020418039FBC007C4C90 /* Frameworks */,
				FD62020518039FBC007C4C90 /* Resources */,
			);
			buildRules = (
			);
			dependencies = (
				FD62020D18039FBC007C4C90 /* PBXTargetDependency */,
			);
			name = TINavigationMenuViewTests;
			productName = TINavigationMenuViewTests;
			productReference = FD62020718039FBC007C4C90 /* TINavigationMenuViewTests.xctest */;
			productType = "com.apple.product-type.bundle.unit-test";
		};
/* End PBXNativeTarget section */

/* Begin PBXProject section */
		FD6201E418039FBC007C4C90 /* Project object */ = {
			isa = PBXProject;
			attributes = {
				CLASSPREFIX = TI;
				LastUpgradeCheck = 0500;
				TargetAttributes = {
					FD62020618039FBC007C4C90 = {
						TestTargetID = FD6201EB18039FBC007C4C90;
					};
				};
			};
			buildConfigurationList = FD6201E718039FBC007C4C90 /* Build configuration list for PBXProject "TINavigationMenuView" */;
			compatibilityVersion = "Xcode 3.2";
			developmentRegion = English;
			hasScannedForEncodings = 0;
			knownRegions = (
				en,
			);
			mainGroup = FD6201E318039FBC007C4C90;
			productRefGroup = FD6201ED18039FBC007C4C90 /* Products */;
			projectDirPath = "";
			projectRoot = "";
			targets = (
				FD6201EB18039FBC007C4C90 /* TINavigationMenuView */,
				FD62020618039FBC007C4C90 /* TINavigationMenuViewTests */,
			);
		};
/* End PBXProject section */

/* Begin PBXResourcesBuildPhase section */
		FD6201EA18039FBC007C4C90 /* Resources */ = {
			isa = PBXResourcesBuildPhase;
			buildActionMask = 2147483647;
			files = (
				FD4F5A891807C4870032D7F3 /* menu2.json in Resources */,
				FD4F5A8E1807CD840032D7F3 /* Images.xcassets in Resources */,
				FD4F5A871807C4720032D7F3 /* menu1.json in Resources */,
				FD6202321803BCC9007C4C90 /* menu3.json in Resources */,
				FD6201FA18039FBC007C4C90 /* InfoPlist.strings in Resources */,
			);
			runOnlyForDeploymentPostprocessing = 0;
		};
		FD62020518039FBC007C4C90 /* Resources */ = {
			isa = PBXResourcesBuildPhase;
			buildActionMask = 2147483647;
			files = (
				FD62021318039FBC007C4C90 /* InfoPlist.strings in Resources */,
			);
			runOnlyForDeploymentPostprocessing = 0;
		};
/* End PBXResourcesBuildPhase section */

/* Begin PBXSourcesBuildPhase section */
		FD6201E818039FBC007C4C90 /* Sources */ = {
			isa = PBXSourcesBuildPhase;
			buildActionMask = 2147483647;
			files = (
				FD4F5A8C1807CADE0032D7F3 /* TIImageBGMenuController.m in Sources */,
				FD6202291803B59C007C4C90 /* TIMenuTableView.m in Sources */,
				FD6201FC18039FBC007C4C90 /* main.m in Sources */,
				FD4F5A911807CF800032D7F3 /* TISimpleMenuController.m in Sources */,
				FD6202281803B59C007C4C90 /* TIMenuCell.m in Sources */,
				FD6202301803BA22007C4C90 /* TIIconMenuController.m in Sources */,
				FD62020018039FBC007C4C90 /* TIAppDelegate.m in Sources */,
			);
			runOnlyForDeploymentPostprocessing = 0;
		};
		FD62020318039FBC007C4C90 /* Sources */ = {
			isa = PBXSourcesBuildPhase;
			buildActionMask = 2147483647;
			files = (
				FD62021518039FBC007C4C90 /* TINavigationMenuViewTests.m in Sources */,
			);
			runOnlyForDeploymentPostprocessing = 0;
		};
/* End PBXSourcesBuildPhase section */

/* Begin PBXTargetDependency section */
		FD62020D18039FBC007C4C90 /* PBXTargetDependency */ = {
			isa = PBXTargetDependency;
			target = FD6201EB18039FBC007C4C90 /* TINavigationMenuView */;
			targetProxy = FD62020C18039FBC007C4C90 /* PBXContainerItemProxy */;
		};
/* End PBXTargetDependency section */

/* Begin PBXVariantGroup section */
		FD6201F818039FBC007C4C90 /* InfoPlist.strings */ = {
			isa = PBXVariantGroup;
			children = (
				FD6201F918039FBC007C4C90 /* en */,
			);
			name = InfoPlist.strings;
			sourceTree = "<group>";
		};
		FD62021118039FBC007C4C90 /* InfoPlist.strings */ = {
			isa = PBXVariantGroup;
			children = (
				FD62021218039FBC007C4C90 /* en */,
			);
			name = InfoPlist.strings;
			sourceTree = "<group>";
		};
/* End PBXVariantGroup section */

/* Begin XCBuildConfiguration section */
		FD62021618039FBC007C4C90 /* Debug */ = {
			isa = XCBuildConfiguration;
			buildSettings = {
				ALWAYS_SEARCH_USER_PATHS = NO;
				ARCHS = "$(ARCHS_STANDARD_INCLUDING_64_BIT)";
				CLANG_CXX_LANGUAGE_STANDARD = "gnu++0x";
				CLANG_CXX_LIBRARY = "libc++";
				CLANG_ENABLE_MODULES = YES;
				CLANG_ENABLE_OBJC_ARC = YES;
				CLANG_WARN_BOOL_CONVERSION = YES;
				CLANG_WARN_CONSTANT_CONVERSION = YES;
				CLANG_WARN_DIRECT_OBJC_ISA_USAGE = YES_ERROR;
				CLANG_WARN_EMPTY_BODY = YES;
				CLANG_WARN_ENUM_CONVERSION = YES;
				CLANG_WARN_INT_CONVERSION = YES;
				CLANG_WARN_OBJC_ROOT_CLASS = YES_ERROR;
				CLANG_WARN__DUPLICATE_METHOD_MATCH = YES;
				"CODE_SIGN_IDENTITY[sdk=iphoneos*]" = "iPhone Developer";
				COPY_PHASE_STRIP = NO;
				GCC_C_LANGUAGE_STANDARD = gnu99;
				GCC_DYNAMIC_NO_PIC = NO;
				GCC_OPTIMIZATION_LEVEL = 0;
				GCC_PREPROCESSOR_DEFINITIONS = (
					"DEBUG=1",
					"$(inherited)",
				);
				GCC_SYMBOLS_PRIVATE_EXTERN = NO;
				GCC_WARN_64_TO_32_BIT_CONVERSION = YES;
				GCC_WARN_ABOUT_RETURN_TYPE = YES_ERROR;
				GCC_WARN_UNDECLARED_SELECTOR = YES;
				GCC_WARN_UNINITIALIZED_AUTOS = YES;
				GCC_WARN_UNUSED_FUNCTION = YES;
				GCC_WARN_UNUSED_VARIABLE = YES;
				IPHONEOS_DEPLOYMENT_TARGET = 5.0;
				ONLY_ACTIVE_ARCH = YES;
				SDKROOT = iphoneos;
				TARGETED_DEVICE_FAMILY = "1,2";
			};
			name = Debug;
		};
		FD62021718039FBC007C4C90 /* Release */ = {
			isa = XCBuildConfiguration;
			buildSettings = {
				ALWAYS_SEARCH_USER_PATHS = NO;
				ARCHS = "$(ARCHS_STANDARD_INCLUDING_64_BIT)";
				CLANG_CXX_LANGUAGE_STANDARD = "gnu++0x";
				CLANG_CXX_LIBRARY = "libc++";
				CLANG_ENABLE_MODULES = YES;
				CLANG_ENABLE_OBJC_ARC = YES;
				CLANG_WARN_BOOL_CONVERSION = YES;
				CLANG_WARN_CONSTANT_CONVERSION = YES;
				CLANG_WARN_DIRECT_OBJC_ISA_USAGE = YES_ERROR;
				CLANG_WARN_EMPTY_BODY = YES;
				CLANG_WARN_ENUM_CONVERSION = YES;
				CLANG_WARN_INT_CONVERSION = YES;
				CLANG_WARN_OBJC_ROOT_CLASS = YES_ERROR;
				CLANG_WARN__DUPLICATE_METHOD_MATCH = YES;
				"CODE_SIGN_IDENTITY[sdk=iphoneos*]" = "iPhone Developer";
				COPY_PHASE_STRIP = YES;
				ENABLE_NS_ASSERTIONS = NO;
				GCC_C_LANGUAGE_STANDARD = gnu99;
				GCC_WARN_64_TO_32_BIT_CONVERSION = YES;
				GCC_WARN_ABOUT_RETURN_TYPE = YES_ERROR;
				GCC_WARN_UNDECLARED_SELECTOR = YES;
				GCC_WARN_UNINITIALIZED_AUTOS = YES;
				GCC_WARN_UNUSED_FUNCTION = YES;
				GCC_WARN_UNUSED_VARIABLE = YES;
				IPHONEOS_DEPLOYMENT_TARGET = 5.0;
				SDKROOT = iphoneos;
				TARGETED_DEVICE_FAMILY = "1,2";
				VALIDATE_PRODUCT = YES;
			};
			name = Release;
		};
		FD62021918039FBC007C4C90 /* Debug */ = {
			isa = XCBuildConfiguration;
			buildSettings = {
				ASSETCATALOG_COMPILER_APPICON_NAME = AppIcon;
				ASSETCATALOG_COMPILER_LAUNCHIMAGE_NAME = LaunchImage;
				GCC_PRECOMPILE_PREFIX_HEADER = YES;
				GCC_PREFIX_HEADER = "TINavigationMenuView/TINavigationMenuView-Prefix.pch";
				INFOPLIST_FILE = "TINavigationMenuView/TINavigationMenuView-Info.plist";
				PRODUCT_NAME = "$(TARGET_NAME)";
				TARGETED_DEVICE_FAMILY = "1,2";
				WRAPPER_EXTENSION = app;
			};
			name = Debug;
		};
		FD62021A18039FBC007C4C90 /* Release */ = {
			isa = XCBuildConfiguration;
			buildSettings = {
				ASSETCATALOG_COMPILER_APPICON_NAME = AppIcon;
				ASSETCATALOG_COMPILER_LAUNCHIMAGE_NAME = LaunchImage;
				GCC_PRECOMPILE_PREFIX_HEADER = YES;
				GCC_PREFIX_HEADER = "TINavigationMenuView/TINavigationMenuView-Prefix.pch";
				INFOPLIST_FILE = "TINavigationMenuView/TINavigationMenuView-Info.plist";
				PRODUCT_NAME = "$(TARGET_NAME)";
				TARGETED_DEVICE_FAMILY = "1,2";
				WRAPPER_EXTENSION = app;
			};
			name = Release;
		};
		FD62021C18039FBC007C4C90 /* Debug */ = {
			isa = XCBuildConfiguration;
			buildSettings = {
				ARCHS = "$(ARCHS_STANDARD_INCLUDING_64_BIT)";
				BUNDLE_LOADER = "$(BUILT_PRODUCTS_DIR)/TINavigationMenuView.app/TINavigationMenuView";
				FRAMEWORK_SEARCH_PATHS = (
					"$(SDKROOT)/Developer/Library/Frameworks",
					"$(inherited)",
					"$(DEVELOPER_FRAMEWORKS_DIR)",
				);
				GCC_PRECOMPILE_PREFIX_HEADER = YES;
				GCC_PREFIX_HEADER = "TINavigationMenuView/TINavigationMenuView-Prefix.pch";
				GCC_PREPROCESSOR_DEFINITIONS = (
					"DEBUG=1",
					"$(inherited)",
				);
				INFOPLIST_FILE = "TINavigationMenuViewTests/TINavigationMenuViewTests-Info.plist";
				PRODUCT_NAME = "$(TARGET_NAME)";
				TEST_HOST = "$(BUNDLE_LOADER)";
				WRAPPER_EXTENSION = xctest;
			};
			name = Debug;
		};
		FD62021D18039FBC007C4C90 /* Release */ = {
			isa = XCBuildConfiguration;
			buildSettings = {
				ARCHS = "$(ARCHS_STANDARD_INCLUDING_64_BIT)";
				BUNDLE_LOADER = "$(BUILT_PRODUCTS_DIR)/TINavigationMenuView.app/TINavigationMenuView";
				FRAMEWORK_SEARCH_PATHS = (
					"$(SDKROOT)/Developer/Library/Frameworks",
					"$(inherited)",
					"$(DEVELOPER_FRAMEWORKS_DIR)",
				);
				GCC_PRECOMPILE_PREFIX_HEADER = YES;
				GCC_PREFIX_HEADER = "TINavigationMenuView/TINavigationMenuView-Prefix.pch";
				INFOPLIST_FILE = "TINavigationMenuViewTests/TINavigationMenuViewTests-Info.plist";
				PRODUCT_NAME = "$(TARGET_NAME)";
				TEST_HOST = "$(BUNDLE_LOADER)";
				WRAPPER_EXTENSION = xctest;
			};
			name = Release;
		};
/* End XCBuildConfiguration section */

/* Begin XCConfigurationList section */
		FD6201E718039FBC007C4C90 /* Build configuration list for PBXProject "TINavigationMenuView" */ = {
			isa = XCConfigurationList;
			buildConfigurations = (
				FD62021618039FBC007C4C90 /* Debug */,
				FD62021718039FBC007C4C90 /* Release */,
			);
			defaultConfigurationIsVisible = 0;
			defaultConfigurationName = Release;
		};
		FD62021818039FBC007C4C90 /* Build configuration list for PBXNativeTarget "TINavigationMenuView" */ = {
			isa = XCConfigurationList;
			buildConfigurations = (
				FD62021918039FBC007C4C90 /* Debug */,
				FD62021A18039FBC007C4C90 /* Release */,
			);
			defaultConfigurationIsVisible = 0;
			defaultConfigurationName = Release;
		};
		FD62021B18039FBC007C4C90 /* Build configuration list for PBXNativeTarget "TINavigationMenuViewTests" */ = {
			isa = XCConfigurationList;
			buildConfigurations = (
				FD62021C18039FBC007C4C90 /* Debug */,
				FD62021D18039FBC007C4C90 /* Release */,
			);
			defaultConfigurationIsVisible = 0;
			defaultConfigurationName = Release;
		};
/* End XCConfigurationList section */
	};
	rootObject = FD6201E418039FBC007C4C90 /* Project object */;
}
